
Microsoft Visual Studio Solution File, Format Version 11.00
# Visual Studio 2010
Project("{2150E333-8FDC-42A3-9474-1A3956D46DE8}") = "Network", "Network", "{94021DC9-3285-44A8-B830-64489127EE2D}"
EndProject
Project("{FAE04EC0-301F-11D3-BF4B-00C04F79EFBC}") = "Network.ZeroConf", "SD\Network.ZeroConf.csproj", "{2B2D41E0-DBC7-4075-873C-394D02448281}"
EndProject
Project("{FAE04EC0-301F-11D3-BF4B-00C04F79EFBC}") = "Network.Bonjour", "Bonjour.NET\Network.Bonjour.csproj", "{CA2E95A3-CF9D-4524-85FC-12CAD9D81479}"
EndProject
Project("{FAE04EC0-301F-11D3-BF4B-00C04F79EFBC}") = "mDNSReader", "mDNSReader\mDNSReader.csproj", "{C9E6CE87-C7FF-4CAB-BCCA-94B5B7AA71BB}"
EndProject
Project("{FAE04EC0-301F-11D3-BF4B-00C04F79EFBC}") = "Network.Dns", "DnsResolver\Network.Dns.csproj", "{36528547-53DC-46CD-8C97-1BAE69262B00}"
EndProject
Project("{FAE04EC0-301F-11D3-BF4B-00C04F79EFBC}") = "Network.UPnP.Services", "UPnP\Network.UPnP.Services.csproj", "{39E23211-B902-4FE9-8A61-264F81D63864}"
EndProject
Project("{FAE04EC0-301F-11D3-BF4B-00C04F79EFBC}") = "UPnPReader", "UPnPReader\UPnPReader.csproj", "{5E066080-8EC9-47B8-A1D3-171D06829484}"
EndProject
Project("{FAE04EC0-301F-11D3-BF4B-00C04F79EFBC}") = "Network.UPnP.DLNA", "DLNA\Network.UPnP.DLNA.csproj", "{8BF16D75-B05B-48AF-A72D-5CDDC861DFD6}"
EndProject
Project("{FAE04EC0-301F-11D3-BF4B-00C04F79EFBC}") = "MEF.Bonjour", "MEF.Bonjour\MEF.Bonjour.csproj", "{94D114DE-DA48-4060-9B7A-3059BF75E87D}"
EndProject
Project("{FAE04EC0-301F-11D3-BF4B-00C04F79EFBC}") = "MEF.Bonjour.Tests", "MEF.Bonjour.Tests\MEF.Bonjour.Tests.csproj", "{770EE8FF-624F-445F-A6ED-B29E2DAFA591}"
EndProject
Project("{FAE04EC0-301F-11D3-BF4B-00C04F79EFBC}") = "Network.Rest.MEF", "Network.Rest.MEF\Network.Rest.MEF.csproj", "{75A1C6F7-756C-494A-9B21-8C2BCD2F809D}"
EndProject
Project("{FAE04EC0-301F-11D3-BF4B-00C04F79EFBC}") = "Network.Bonjour.Services", "Network.Bonjour.Services\Network.Bonjour.Services.csproj", "{8CC2B14D-E24B-41A8-AB93-17F130905E29}"
EndProject
Project("{FAE04EC0-301F-11D3-BF4B-00C04F79EFBC}") = "Network", "Network\Network.csproj", "{C05DF064-DD81-49AE-91D2-9D8BBCC76F1F}"
EndProject
Project("{FAE04EC0-301F-11D3-BF4B-00C04F79EFBC}") = "Network.Rest", "Network.Rest\Network.Rest.csproj", "{13A68F9C-F095-409E-A97D-A05FFCDCE210}"
EndProject
Project("{FAE04EC0-301F-11D3-BF4B-00C04F79EFBC}") = "Network.Tests", "Network.Tests\Network.Tests.csproj", "{61DB9D8D-F2EA-40DC-8F37-58092891A6A5}"
EndProject
Project("{FAE04EC0-301F-11D3-BF4B-00C04F79EFBC}") = "Network.Rtsp", "Network.Rtsp\Network.Rtsp.csproj", "{BAEE9533-AB81-4057-BE2A-17857F1DD809}"
EndProject
Project("{FAE04EC0-301F-11D3-BF4B-00C04F79EFBC}") = "Network.Bonjour.DACP", "Network.Bonjour.DACP\Network.Bonjour.DACP.csproj", "{37F066DF-552B-4906-AFBB-5CF93E781E54}"
EndProject
Project("{FAE04EC0-301F-11D3-BF4B-00C04F79EFBC}") = "Network.Bonjour.RAOP", "Network.Bonjour.RAOP\Network.Bonjour.RAOP.csproj", "{96926B74-9F8A-4F5B-B5C4-5D27BF26650F}"
EndProject
Project("{FAE04EC0-301F-11D3-BF4B-00C04F79EFBC}") = "Network.Rtp", "Network.Rtp\Network.Rtp.csproj", "{4A3A916F-A617-4770-9CF6-291DAC919E93}"
EndProject
Project("{FAE04EC0-301F-11D3-BF4B-00C04F79EFBC}") = "Network.Wol", "Network.Wol\Network.Wol.csproj", "{DAEFDF26-4C41-4CFB-8D94-16DE53F5C30B}"
EndProject
Global
	GlobalSection(TeamFoundationVersionControl) = preSolution
		SccNumberOfProjects = 20
		SccEnterpriseProvider = {4CA58AB2-18FA-4F8D-95D4-32DDF27D184C}
		SccTeamFoundationServer = https://tfs.codeplex.com/tfs/tfs09
		SccLocalPath0 = .
		SccProjectUniqueName1 = Network.Tests\\Network.Tests.csproj
		SccProjectTopLevelParentUniqueName1 = Bonjour.NET.sln
		SccProjectName1 = Network.Tests
		SccLocalPath1 = Network.Tests
		SccProjectUniqueName2 = Network.Rest\\Network.Rest.csproj
		SccProjectTopLevelParentUniqueName2 = Bonjour.NET.sln
		SccProjectName2 = Network.Rest
		SccLocalPath2 = Network.Rest
		SccProjectUniqueName3 = Network\\Network.csproj
		SccProjectTopLevelParentUniqueName3 = Bonjour.NET.sln
		SccProjectName3 = Network
		SccLocalPath3 = Network
		SccProjectUniqueName4 = Network.Bonjour.Services\\Network.Bonjour.Services.csproj
		SccProjectName4 = Network.Bonjour.Services
		SccLocalPath4 = Network.Bonjour.Services
		SccProjectUniqueName5 = Network.Rest.MEF\\Network.Rest.MEF.csproj
		SccProjectName5 = Network.Rest.MEF
		SccLocalPath5 = Network.Rest.MEF
		SccProjectUniqueName6 = MEF.Bonjour.Tests\\MEF.Bonjour.Tests.csproj
		SccProjectName6 = MEF.Bonjour.Tests
		SccLocalPath6 = MEF.Bonjour.Tests
		SccProjectUniqueName7 = MEF.Bonjour\\MEF.Bonjour.csproj
		SccProjectName7 = MEF.Bonjour
		SccLocalPath7 = MEF.Bonjour
		SccProjectUniqueName8 = DLNA\\Network.UPnP.DLNA.csproj
		SccProjectName8 = DLNA
		SccLocalPath8 = DLNA
		SccProjectUniqueName9 = UPnPReader\\UPnPReader.csproj
		SccProjectName9 = UPnPReader
		SccLocalPath9 = UPnPReader
		SccProjectUniqueName10 = UPnP\\Network.UPnP.Services.csproj
		SccProjectName10 = UPnP
		SccLocalPath10 = UPnP
		SccProjectUniqueName11 = DnsResolver\\Network.Dns.csproj
		SccProjectName11 = DnsResolver
		SccLocalPath11 = DnsResolver
		SccProjectUniqueName12 = mDNSReader\\mDNSReader.csproj
		SccProjectName12 = mDNSReader
		SccLocalPath12 = mDNSReader
		SccProjectUniqueName13 = Bonjour.NET\\Network.Bonjour.csproj
		SccProjectName13 = Bonjour.NET
		SccLocalPath13 = Bonjour.NET
		SccProjectUniqueName14 = SD\\Network.ZeroConf.csproj
		SccProjectName14 = SD
		SccLocalPath14 = SD
		SccProjectUniqueName15 = Network.Rtsp\\Network.Rtsp.csproj
		SccProjectName15 = Network.Rtsp
		SccLocalPath15 = Network.Rtsp
		SccProjectUniqueName16 = Network.Bonjour.DACP\\Network.Bonjour.DACP.csproj
		SccProjectName16 = Network.Bonjour.DACP
		SccLocalPath16 = Network.Bonjour.DACP
		SccProjectUniqueName17 = Network.Bonjour.RAOP\\Network.Bonjour.RAOP.csproj
		SccProjectName17 = Network.Bonjour.RAOP
		SccLocalPath17 = Network.Bonjour.RAOP
		SccProjectUniqueName18 = Network.Rtp\\Network.Rtp.csproj
		SccProjectName18 = Network.Rtp
		SccLocalPath18 = Network.Rtp
		SccProjectUniqueName19 = Network.Wol\\Network.Wol.csproj
		SccProjectName19 = Network.Wol
		SccLocalPath19 = Network.Wol
	EndGlobalSection
	GlobalSection(SolutionConfigurationPlatforms) = preSolution
		Debug|Any CPU = Debug|Any CPU
		Release|Any CPU = Release|Any CPU
	EndGlobalSection
	GlobalSection(ProjectConfigurationPlatforms) = postSolution
		{2B2D41E0-DBC7-4075-873C-394D02448281}.Debug|Any CPU.ActiveCfg = Debug|Any CPU
		{2B2D41E0-DBC7-4075-873C-394D02448281}.Debug|Any CPU.Build.0 = Debug|Any CPU
		{2B2D41E0-DBC7-4075-873C-394D02448281}.Release|Any CPU.ActiveCfg = Release|Any CPU
		{2B2D41E0-DBC7-4075-873C-394D02448281}.Release|Any CPU.Build.0 = Release|Any CPU
		{CA2E95A3-CF9D-4524-85FC-12CAD9D81479}.Debug|Any CPU.ActiveCfg = Debug|Any CPU
		{CA2E95A3-CF9D-4524-85FC-12CAD9D81479}.Debug|Any CPU.Build.0 = Debug|Any CPU
		{CA2E95A3-CF9D-4524-85FC-12CAD9D81479}.Release|Any CPU.ActiveCfg = Release|Any CPU
		{CA2E95A3-CF9D-4524-85FC-12CAD9D81479}.Release|Any CPU.Build.0 = Release|Any CPU
		{C9E6CE87-C7FF-4CAB-BCCA-94B5B7AA71BB}.Debug|Any CPU.ActiveCfg = Debug|Any CPU
		{C9E6CE87-C7FF-4CAB-BCCA-94B5B7AA71BB}.Debug|Any CPU.Build.0 = Debug|Any CPU
		{C9E6CE87-C7FF-4CAB-BCCA-94B5B7AA71BB}.Release|Any CPU.ActiveCfg = Release|Any CPU
		{C9E6CE87-C7FF-4CAB-BCCA-94B5B7AA71BB}.Release|Any CPU.Build.0 = Release|Any CPU
		{36528547-53DC-46CD-8C97-1BAE69262B00}.Debug|Any CPU.ActiveCfg = Debug|Any CPU
		{36528547-53DC-46CD-8C97-1BAE69262B00}.Debug|Any CPU.Build.0 = Debug|Any CPU
		{36528547-53DC-46CD-8C97-1BAE69262B00}.Release|Any CPU.ActiveCfg = Release|Any CPU
		{36528547-53DC-46CD-8C97-1BAE69262B00}.Release|Any CPU.Build.0 = Release|Any CPU
		{39E23211-B902-4FE9-8A61-264F81D63864}.Debug|Any CPU.ActiveCfg = Debug|Any CPU
		{39E23211-B902-4FE9-8A61-264F81D63864}.Debug|Any CPU.Build.0 = Debug|Any CPU
		{39E23211-B902-4FE9-8A61-264F81D63864}.Release|Any CPU.ActiveCfg = Release|Any CPU
		{39E23211-B902-4FE9-8A61-264F81D63864}.Release|Any CPU.Build.0 = Release|Any CPU
		{5E066080-8EC9-47B8-A1D3-171D06829484}.Debug|Any CPU.ActiveCfg = Debug|Any CPU
		{5E066080-8EC9-47B8-A1D3-171D06829484}.Debug|Any CPU.Build.0 = Debug|Any CPU
		{5E066080-8EC9-47B8-A1D3-171D06829484}.Release|Any CPU.ActiveCfg = Release|Any CPU
		{5E066080-8EC9-47B8-A1D3-171D06829484}.Release|Any CPU.Build.0 = Release|Any CPU
		{8BF16D75-B05B-48AF-A72D-5CDDC861DFD6}.Debug|Any CPU.ActiveCfg = Debug|Any CPU
		{8BF16D75-B05B-48AF-A72D-5CDDC861DFD6}.Debug|Any CPU.Build.0 = Debug|Any CPU
		{8BF16D75-B05B-48AF-A72D-5CDDC861DFD6}.Release|Any CPU.ActiveCfg = Release|Any CPU
		{8BF16D75-B05B-48AF-A72D-5CDDC861DFD6}.Release|Any CPU.Build.0 = Release|Any CPU
		{94D114DE-DA48-4060-9B7A-3059BF75E87D}.Debug|Any CPU.ActiveCfg = Debug|Any CPU
		{94D114DE-DA48-4060-9B7A-3059BF75E87D}.Debug|Any CPU.Build.0 = Debug|Any CPU
		{94D114DE-DA48-4060-9B7A-3059BF75E87D}.Release|Any CPU.ActiveCfg = Release|Any CPU
		{94D114DE-DA48-4060-9B7A-3059BF75E87D}.Release|Any CPU.Build.0 = Release|Any CPU
		{770EE8FF-624F-445F-A6ED-B29E2DAFA591}.Debug|Any CPU.ActiveCfg = Debug|Any CPU
		{770EE8FF-624F-445F-A6ED-B29E2DAFA591}.Debug|Any CPU.Build.0 = Debug|Any CPU
		{770EE8FF-624F-445F-A6ED-B29E2DAFA591}.Release|Any CPU.ActiveCfg = Release|Any CPU
		{770EE8FF-624F-445F-A6ED-B29E2DAFA591}.Release|Any CPU.Build.0 = Release|Any CPU
		{75A1C6F7-756C-494A-9B21-8C2BCD2F809D}.Debug|Any CPU.ActiveCfg = Debug|Any CPU
		{75A1C6F7-756C-494A-9B21-8C2BCD2F809D}.Debug|Any CPU.Build.0 = Debug|Any CPU
		{75A1C6F7-756C-494A-9B21-8C2BCD2F809D}.Release|Any CPU.ActiveCfg = Release|Any CPU
		{75A1C6F7-756C-494A-9B21-8C2BCD2F809D}.Release|Any CPU.Build.0 = Release|Any CPU
		{8CC2B14D-E24B-41A8-AB93-17F130905E29}.Debug|Any CPU.ActiveCfg = Debug|Any CPU
		{8CC2B14D-E24B-41A8-AB93-17F130905E29}.Debug|Any CPU.Build.0 = Debug|Any CPU
		{8CC2B14D-E24B-41A8-AB93-17F130905E29}.Release|Any CPU.ActiveCfg = Release|Any CPU
		{8CC2B14D-E24B-41A8-AB93-17F130905E29}.Release|Any CPU.Build.0 = Release|Any CPU
		{C05DF064-DD81-49AE-91D2-9D8BBCC76F1F}.Debug|Any CPU.ActiveCfg = Debug|Any CPU
		{C05DF064-DD81-49AE-91D2-9D8BBCC76F1F}.Debug|Any CPU.Build.0 = Debug|Any CPU
		{C05DF064-DD81-49AE-91D2-9D8BBCC76F1F}.Release|Any CPU.ActiveCfg = Release|Any CPU
		{C05DF064-DD81-49AE-91D2-9D8BBCC76F1F}.Release|Any CPU.Build.0 = Release|Any CPU
		{13A68F9C-F095-409E-A97D-A05FFCDCE210}.Debug|Any CPU.ActiveCfg = Debug|Any CPU
		{13A68F9C-F095-409E-A97D-A05FFCDCE210}.Debug|Any CPU.Build.0 = Debug|Any CPU
		{13A68F9C-F095-409E-A97D-A05FFCDCE210}.Release|Any CPU.ActiveCfg = Release|Any CPU
		{13A68F9C-F095-409E-A97D-A05FFCDCE210}.Release|Any CPU.Build.0 = Release|Any CPU
		{61DB9D8D-F2EA-40DC-8F37-58092891A6A5}.Debug|Any CPU.ActiveCfg = Debug|Any CPU
		{61DB9D8D-F2EA-40DC-8F37-58092891A6A5}.Debug|Any CPU.Build.0 = Debug|Any CPU
		{61DB9D8D-F2EA-40DC-8F37-58092891A6A5}.Release|Any CPU.ActiveCfg = Release|Any CPU
		{61DB9D8D-F2EA-40DC-8F37-58092891A6A5}.Release|Any CPU.Build.0 = Release|Any CPU
		{BAEE9533-AB81-4057-BE2A-17857F1DD809}.Debug|Any CPU.ActiveCfg = Debug|Any CPU
		{BAEE9533-AB81-4057-BE2A-17857F1DD809}.Debug|Any CPU.Build.0 = Debug|Any CPU
		{BAEE9533-AB81-4057-BE2A-17857F1DD809}.Release|Any CPU.ActiveCfg = Release|Any CPU
		{BAEE9533-AB81-4057-BE2A-17857F1DD809}.Release|Any CPU.Build.0 = Release|Any CPU
		{37F066DF-552B-4906-AFBB-5CF93E781E54}.Debug|Any CPU.ActiveCfg = Debug|Any CPU
		{37F066DF-552B-4906-AFBB-5CF93E781E54}.Debug|Any CPU.Build.0 = Debug|Any CPU
		{37F066DF-552B-4906-AFBB-5CF93E781E54}.Release|Any CPU.ActiveCfg = Release|Any CPU
		{37F066DF-552B-4906-AFBB-5CF93E781E54}.Release|Any CPU.Build.0 = Release|Any CPU
		{96926B74-9F8A-4F5B-B5C4-5D27BF26650F}.Debug|Any CPU.ActiveCfg = Debug|Any CPU
		{96926B74-9F8A-4F5B-B5C4-5D27BF26650F}.Debug|Any CPU.Build.0 = Debug|Any CPU
		{96926B74-9F8A-4F5B-B5C4-5D27BF26650F}.Release|Any CPU.ActiveCfg = Release|Any CPU
		{96926B74-9F8A-4F5B-B5C4-5D27BF26650F}.Release|Any CPU.Build.0 = Release|Any CPU
		{4A3A916F-A617-4770-9CF6-291DAC919E93}.Debug|Any CPU.ActiveCfg = Debug|Any CPU
		{4A3A916F-A617-4770-9CF6-291DAC919E93}.Debug|Any CPU.Build.0 = Debug|Any CPU
		{4A3A916F-A617-4770-9CF6-291DAC919E93}.Release|Any CPU.ActiveCfg = Release|Any CPU
		{4A3A916F-A617-4770-9CF6-291DAC919E93}.Release|Any CPU.Build.0 = Release|Any CPU
		{DAEFDF26-4C41-4CFB-8D94-16DE53F5C30B}.Debug|Any CPU.ActiveCfg = Debug|Any CPU
		{DAEFDF26-4C41-4CFB-8D94-16DE53F5C30B}.Debug|Any CPU.Build.0 = Debug|Any CPU
		{DAEFDF26-4C41-4CFB-8D94-16DE53F5C30B}.Release|Any CPU.ActiveCfg = Release|Any CPU
		{DAEFDF26-4C41-4CFB-8D94-16DE53F5C30B}.Release|Any CPU.Build.0 = Release|Any CPU
	EndGlobalSection
	GlobalSection(SolutionProperties) = preSolution
		HideSolutionNode = FALSE
	EndGlobalSection
	GlobalSection(NestedProjects) = preSolution
		{C05DF064-DD81-49AE-91D2-9D8BBCC76F1F} = {94021DC9-3285-44A8-B830-64489127EE2D}
		{13A68F9C-F095-409E-A97D-A05FFCDCE210} = {94021DC9-3285-44A8-B830-64489127EE2D}
		{61DB9D8D-F2EA-40DC-8F37-58092891A6A5} = {94021DC9-3285-44A8-B830-64489127EE2D}
	EndGlobalSection
EndGlobal
