
Microsoft Visual Studio Solution File, Format Version 10.00
# Visual Studio 2008
Project("{FAE04EC0-301F-11D3-BF4B-00C04F79EFBC}") = "Services.NET", "SD\Services.NET.csproj", "{2B2D41E0-DBC7-4075-873C-394D02448281}"
EndProject
Project("{FAE04EC0-301F-11D3-BF4B-00C04F79EFBC}") = "Bonjour.NET", "Bonjour.NET\Bonjour.NET.csproj", "{CA2E95A3-CF9D-4524-85FC-12CAD9D81479}"
EndProject
Project("{FAE04EC0-301F-11D3-BF4B-00C04F79EFBC}") = "mDNSReader", "mDNSReader\mDNSReader.csproj", "{C9E6CE87-C7FF-4CAB-BCCA-94B5B7AA71BB}"
EndProject
Project("{FAE04EC0-301F-11D3-BF4B-00C04F79EFBC}") = "DnsResolver", "DnsResolver\DnsResolver.csproj", "{36528547-53DC-46CD-8C97-1BAE69262B00}"
EndProject
Global
	GlobalSection(SolutionConfigurationPlatforms) = preSolution
		Debug|Any CPU = Debug|Any CPU
		Release|Any CPU = Release|Any CPU
	EndGlobalSection
	GlobalSection(ProjectConfigurationPlatforms) = postSolution
		{2B2D41E0-DBC7-4075-873C-394D02448281}.Debug|Any CPU.ActiveCfg = Debug|Any CPU
		{2B2D41E0-DBC7-4075-873C-394D02448281}.Debug|Any CPU.Build.0 = Debug|Any CPU
		{2B2D41E0-DBC7-4075-873C-394D02448281}.Release|Any CPU.ActiveCfg = Release|Any CPU
		{2B2D41E0-DBC7-4075-873C-394D02448281}.Release|Any CPU.Build.0 = Release|Any CPU
		{CA2E95A3-CF9D-4524-85FC-12CAD9D81479}.Debug|Any CPU.ActiveCfg = Debug|Any CPU
		{CA2E95A3-CF9D-4524-85FC-12CAD9D81479}.Debug|Any CPU.Build.0 = Debug|Any CPU
		{CA2E95A3-CF9D-4524-85FC-12CAD9D81479}.Release|Any CPU.ActiveCfg = Release|Any CPU
		{CA2E95A3-CF9D-4524-85FC-12CAD9D81479}.Release|Any CPU.Build.0 = Release|Any CPU
		{C9E6CE87-C7FF-4CAB-BCCA-94B5B7AA71BB}.Debug|Any CPU.ActiveCfg = Debug|Any CPU
		{C9E6CE87-C7FF-4CAB-BCCA-94B5B7AA71BB}.Debug|Any CPU.Build.0 = Debug|Any CPU
		{C9E6CE87-C7FF-4CAB-BCCA-94B5B7AA71BB}.Release|Any CPU.ActiveCfg = Release|Any CPU
		{C9E6CE87-C7FF-4CAB-BCCA-94B5B7AA71BB}.Release|Any CPU.Build.0 = Release|Any CPU
		{36528547-53DC-46CD-8C97-1BAE69262B00}.Debug|Any CPU.ActiveCfg = Debug|Any CPU
		{36528547-53DC-46CD-8C97-1BAE69262B00}.Debug|Any CPU.Build.0 = Debug|Any CPU
		{36528547-53DC-46CD-8C97-1BAE69262B00}.Release|Any CPU.ActiveCfg = Release|Any CPU
		{36528547-53DC-46CD-8C97-1BAE69262B00}.Release|Any CPU.Build.0 = Release|Any CPU
	EndGlobalSection
	GlobalSection(SolutionProperties) = preSolution
		HideSolutionNode = FALSE
	EndGlobalSection
EndGlobal
